[root]
name = "slp_viewer"
version = "0.1.0"
dependencies = [
 "clap 2.17.1 (registry+https://github.com/rust-lang/crates.io-index)",
 "minifb 0.9.0 (registry+https://github.com/rust-lang/crates.io-index)",
 "open_aoe_drs 0.1.0",
 "open_aoe_palette 0.1.0",
 "open_aoe_slp 0.1.0",
]

[[package]]
name = "ansi_term"
version = "0.9.0"
source = "registry+https://github.com/rust-lang/crates.io-index"

[[package]]
name = "atom"
version = "0.3.4"
source = "registry+https://github.com/rust-lang/crates.io-index"

[[package]]
name = "backtrace"
version = "0.2.3"
source = "registry+https://github.com/rust-lang/crates.io-index"
dependencies = [
 "backtrace-sys 0.1.4 (registry+https://github.com/rust-lang/crates.io-index)",
 "cfg-if 0.1.0 (registry+https://github.com/rust-lang/crates.io-index)",
 "dbghelp-sys 0.2.0 (registry+https://github.com/rust-lang/crates.io-index)",
 "kernel32-sys 0.2.2 (registry+https://github.com/rust-lang/crates.io-index)",
 "libc 0.2.17 (registry+https://github.com/rust-lang/crates.io-index)",
 "rustc-demangle 0.1.2 (registry+https://github.com/rust-lang/crates.io-index)",
 "winapi 0.2.8 (registry+https://github.com/rust-lang/crates.io-index)",
]

[[package]]
name = "backtrace-sys"
version = "0.1.4"
source = "registry+https://github.com/rust-lang/crates.io-index"
dependencies = [
 "gcc 0.3.38 (registry+https://github.com/rust-lang/crates.io-index)",
 "libc 0.2.17 (registry+https://github.com/rust-lang/crates.io-index)",
]

[[package]]
name = "bitflags"
version = "0.6.0"
source = "registry+https://github.com/rust-lang/crates.io-index"

[[package]]
name = "bitflags"
version = "0.7.0"
source = "registry+https://github.com/rust-lang/crates.io-index"

[[package]]
name = "byteorder"
version = "0.5.3"
source = "registry+https://github.com/rust-lang/crates.io-index"

[[package]]
name = "cfg-if"
version = "0.1.0"
source = "registry+https://github.com/rust-lang/crates.io-index"

[[package]]
name = "clap"
version = "2.17.1"
source = "registry+https://github.com/rust-lang/crates.io-index"
dependencies = [
 "ansi_term 0.9.0 (registry+https://github.com/rust-lang/crates.io-index)",
 "bitflags 0.7.0 (registry+https://github.com/rust-lang/crates.io-index)",
 "libc 0.2.17 (registry+https://github.com/rust-lang/crates.io-index)",
 "strsim 0.5.1 (registry+https://github.com/rust-lang/crates.io-index)",
 "term_size 0.2.1 (registry+https://github.com/rust-lang/crates.io-index)",
 "unicode-segmentation 0.1.2 (registry+https://github.com/rust-lang/crates.io-index)",
 "unicode-width 0.1.3 (registry+https://github.com/rust-lang/crates.io-index)",
 "vec_map 0.6.0 (registry+https://github.com/rust-lang/crates.io-index)",
]

[[package]]
name = "dbghelp-sys"
version = "0.2.0"
source = "registry+https://github.com/rust-lang/crates.io-index"
dependencies = [
 "winapi 0.2.8 (registry+https://github.com/rust-lang/crates.io-index)",
 "winapi-build 0.1.1 (registry+https://github.com/rust-lang/crates.io-index)",
]

[[package]]
name = "dylib"
version = "0.0.1"
source = "registry+https://github.com/rust-lang/crates.io-index"
dependencies = [
 "libc 0.2.17 (registry+https://github.com/rust-lang/crates.io-index)",
]

[[package]]
name = "error-chain"
version = "0.5.0"
source = "registry+https://github.com/rust-lang/crates.io-index"
dependencies = [
 "backtrace 0.2.3 (registry+https://github.com/rust-lang/crates.io-index)",
]

[[package]]
name = "flate2"
version = "0.2.14"
source = "registry+https://github.com/rust-lang/crates.io-index"
dependencies = [
 "libc 0.2.17 (registry+https://github.com/rust-lang/crates.io-index)",
 "miniz-sys 0.1.7 (registry+https://github.com/rust-lang/crates.io-index)",
]

[[package]]
name = "fnv"
version = "1.0.5"
source = "registry+https://github.com/rust-lang/crates.io-index"

[[package]]
name = "gcc"
version = "0.3.38"
source = "registry+https://github.com/rust-lang/crates.io-index"

[[package]]
name = "gdi32-sys"
version = "0.1.1"
source = "registry+https://github.com/rust-lang/crates.io-index"
dependencies = [
 "winapi 0.2.8 (registry+https://github.com/rust-lang/crates.io-index)",
]

[[package]]
name = "io_tools"
version = "0.1.0"
dependencies = [
 "byteorder 0.5.3 (registry+https://github.com/rust-lang/crates.io-index)",
 "flate2 0.2.14 (registry+https://github.com/rust-lang/crates.io-index)",
]

[[package]]
name = "kernel32-sys"
version = "0.1.4"
source = "registry+https://github.com/rust-lang/crates.io-index"
dependencies = [
 "winapi 0.2.8 (registry+https://github.com/rust-lang/crates.io-index)",
 "winapi-build 0.1.1 (registry+https://github.com/rust-lang/crates.io-index)",
]

[[package]]
name = "kernel32-sys"
version = "0.2.2"
source = "registry+https://github.com/rust-lang/crates.io-index"
dependencies = [
 "winapi 0.2.8 (registry+https://github.com/rust-lang/crates.io-index)",
 "winapi-build 0.1.1 (registry+https://github.com/rust-lang/crates.io-index)",
]

[[package]]
name = "lazy_static"
version = "0.2.1"
source = "registry+https://github.com/rust-lang/crates.io-index"

[[package]]
name = "libc"
version = "0.1.12"
source = "registry+https://github.com/rust-lang/crates.io-index"

[[package]]
name = "libc"
version = "0.2.17"
source = "registry+https://github.com/rust-lang/crates.io-index"

[[package]]
name = "minifb"
version = "0.9.0"
source = "registry+https://github.com/rust-lang/crates.io-index"
dependencies = [
 "gcc 0.3.38 (registry+https://github.com/rust-lang/crates.io-index)",
 "gdi32-sys 0.1.1 (registry+https://github.com/rust-lang/crates.io-index)",
 "kernel32-sys 0.1.4 (registry+https://github.com/rust-lang/crates.io-index)",
 "time 0.1.35 (registry+https://github.com/rust-lang/crates.io-index)",
 "user32-sys 0.1.2 (registry+https://github.com/rust-lang/crates.io-index)",
 "winapi 0.2.8 (registry+https://github.com/rust-lang/crates.io-index)",
 "x11-dl 2.2.1 (registry+https://github.com/rust-lang/crates.io-index)",
]

[[package]]
name = "miniz-sys"
version = "0.1.7"
source = "registry+https://github.com/rust-lang/crates.io-index"
dependencies = [
 "gcc 0.3.38 (registry+https://github.com/rust-lang/crates.io-index)",
 "libc 0.2.17 (registry+https://github.com/rust-lang/crates.io-index)",
]

[[package]]
name = "mopa"
version = "0.2.2"
source = "registry+https://github.com/rust-lang/crates.io-index"

[[package]]
name = "nalgebra"
version = "0.10.1"
source = "registry+https://github.com/rust-lang/crates.io-index"
dependencies = [
 "num 0.1.36 (registry+https://github.com/rust-lang/crates.io-index)",
 "rand 0.3.14 (registry+https://github.com/rust-lang/crates.io-index)",
 "rustc-serialize 0.3.19 (registry+https://github.com/rust-lang/crates.io-index)",
]

[[package]]
name = "num"
version = "0.1.36"
source = "registry+https://github.com/rust-lang/crates.io-index"
dependencies = [
 "num-bigint 0.1.35 (registry+https://github.com/rust-lang/crates.io-index)",
 "num-complex 0.1.35 (registry+https://github.com/rust-lang/crates.io-index)",
 "num-integer 0.1.32 (registry+https://github.com/rust-lang/crates.io-index)",
 "num-iter 0.1.32 (registry+https://github.com/rust-lang/crates.io-index)",
 "num-rational 0.1.35 (registry+https://github.com/rust-lang/crates.io-index)",
 "num-traits 0.1.36 (registry+https://github.com/rust-lang/crates.io-index)",
]

[[package]]
name = "num-bigint"
version = "0.1.35"
source = "registry+https://github.com/rust-lang/crates.io-index"
dependencies = [
 "num-integer 0.1.32 (registry+https://github.com/rust-lang/crates.io-index)",
 "num-traits 0.1.36 (registry+https://github.com/rust-lang/crates.io-index)",
 "rand 0.3.14 (registry+https://github.com/rust-lang/crates.io-index)",
 "rustc-serialize 0.3.19 (registry+https://github.com/rust-lang/crates.io-index)",
]

[[package]]
name = "num-complex"
version = "0.1.35"
source = "registry+https://github.com/rust-lang/crates.io-index"
dependencies = [
 "num-traits 0.1.36 (registry+https://github.com/rust-lang/crates.io-index)",
 "rustc-serialize 0.3.19 (registry+https://github.com/rust-lang/crates.io-index)",
]

[[package]]
name = "num-integer"
version = "0.1.32"
source = "registry+https://github.com/rust-lang/crates.io-index"
dependencies = [
 "num-traits 0.1.36 (registry+https://github.com/rust-lang/crates.io-index)",
]

[[package]]
name = "num-iter"
version = "0.1.32"
source = "registry+https://github.com/rust-lang/crates.io-index"
dependencies = [
 "num-integer 0.1.32 (registry+https://github.com/rust-lang/crates.io-index)",
 "num-traits 0.1.36 (registry+https://github.com/rust-lang/crates.io-index)",
]

[[package]]
name = "num-rational"
version = "0.1.35"
source = "registry+https://github.com/rust-lang/crates.io-index"
dependencies = [
 "num-bigint 0.1.35 (registry+https://github.com/rust-lang/crates.io-index)",
 "num-integer 0.1.32 (registry+https://github.com/rust-lang/crates.io-index)",
 "num-traits 0.1.36 (registry+https://github.com/rust-lang/crates.io-index)",
 "rustc-serialize 0.3.19 (registry+https://github.com/rust-lang/crates.io-index)",
]

[[package]]
name = "num-traits"
version = "0.1.36"
source = "registry+https://github.com/rust-lang/crates.io-index"

[[package]]
name = "open_aoe"
version = "0.1.0"
dependencies = [
 "clap 2.17.1 (registry+https://github.com/rust-lang/crates.io-index)",
 "lazy_static 0.2.1 (registry+https://github.com/rust-lang/crates.io-index)",
 "nalgebra 0.10.1 (registry+https://github.com/rust-lang/crates.io-index)",
 "num 0.1.36 (registry+https://github.com/rust-lang/crates.io-index)",
 "open_aoe_dat 0.1.0",
 "open_aoe_drs 0.1.0",
 "open_aoe_identifier 0.1.0",
 "open_aoe_language 0.1.0",
 "open_aoe_media 0.1.0",
 "open_aoe_palette 0.1.0",
 "open_aoe_resource 0.1.0",
 "open_aoe_scn 0.1.0",
 "open_aoe_slp 0.1.0",
 "open_aoe_types 0.1.0",
 "specs 0.7.0 (registry+https://github.com/rust-lang/crates.io-index)",
 "time 0.1.35 (registry+https://github.com/rust-lang/crates.io-index)",
]

[[package]]
name = "open_aoe_dat"
version = "0.1.0"
dependencies = [
 "clap 2.17.1 (registry+https://github.com/rust-lang/crates.io-index)",
 "error-chain 0.5.0 (registry+https://github.com/rust-lang/crates.io-index)",
 "io_tools 0.1.0",
 "open_aoe_identifier 0.1.0",
]

[[package]]
name = "open_aoe_drs"
version = "0.1.0"
dependencies = [
 "error-chain 0.5.0 (registry+https://github.com/rust-lang/crates.io-index)",
 "io_tools 0.1.0",
]

[[package]]
name = "open_aoe_identifier"
version = "0.1.0"

[[package]]
name = "open_aoe_language"
version = "0.1.0"
dependencies = [
 "clap 2.17.1 (registry+https://github.com/rust-lang/crates.io-index)",
 "error-chain 0.5.0 (registry+https://github.com/rust-lang/crates.io-index)",
 "io_tools 0.1.0",
]

[[package]]
name = "open_aoe_media"
version = "0.1.0"
dependencies = [
 "error-chain 0.5.0 (registry+https://github.com/rust-lang/crates.io-index)",
 "nalgebra 0.10.1 (registry+https://github.com/rust-lang/crates.io-index)",
 "open_aoe_types 0.1.0",
 "sdl2 0.25.0 (registry+https://github.com/rust-lang/crates.io-index)",
]

[[package]]
name = "open_aoe_palette"
version = "0.1.0"
dependencies = [
 "error-chain 0.5.0 (registry+https://github.com/rust-lang/crates.io-index)",
]

[[package]]
name = "open_aoe_resource"
version = "0.1.0"
dependencies = [
 "error-chain 0.5.0 (registry+https://github.com/rust-lang/crates.io-index)",
 "nalgebra 0.10.1 (registry+https://github.com/rust-lang/crates.io-index)",
 "open_aoe_drs 0.1.0",
 "open_aoe_identifier 0.1.0",
 "open_aoe_media 0.1.0",
 "open_aoe_palette 0.1.0",
 "open_aoe_slp 0.1.0",
 "open_aoe_types 0.1.0",
]

[[package]]
name = "open_aoe_scn"
version = "0.1.0"
dependencies = [
 "clap 2.17.1 (registry+https://github.com/rust-lang/crates.io-index)",
 "error-chain 0.5.0 (registry+https://github.com/rust-lang/crates.io-index)",
 "io_tools 0.1.0",
 "open_aoe_identifier 0.1.0",
]

[[package]]
name = "open_aoe_slp"
version = "0.1.0"
dependencies = [
 "clap 2.17.1 (registry+https://github.com/rust-lang/crates.io-index)",
 "error-chain 0.5.0 (registry+https://github.com/rust-lang/crates.io-index)",
 "io_tools 0.1.0",
]

[[package]]
name = "open_aoe_types"
version = "0.1.0"
dependencies = [
 "nalgebra 0.10.1 (registry+https://github.com/rust-lang/crates.io-index)",
 "num 0.1.36 (registry+https://github.com/rust-lang/crates.io-index)",
 "sdl2 0.25.0 (registry+https://github.com/rust-lang/crates.io-index)",
]

[[package]]
name = "pulse"
version = "0.5.3"
source = "registry+https://github.com/rust-lang/crates.io-index"
dependencies = [
 "atom 0.3.4 (registry+https://github.com/rust-lang/crates.io-index)",
 "time 0.1.35 (registry+https://github.com/rust-lang/crates.io-index)",
]

[[package]]
name = "rand"
version = "0.3.14"
source = "registry+https://github.com/rust-lang/crates.io-index"
dependencies = [
 "libc 0.2.17 (registry+https://github.com/rust-lang/crates.io-index)",
]

[[package]]
name = "rustc-demangle"
version = "0.1.2"
source = "registry+https://github.com/rust-lang/crates.io-index"

[[package]]
name = "rustc-serialize"
version = "0.3.19"
source = "registry+https://github.com/rust-lang/crates.io-index"

[[package]]
name = "sdl2"
version = "0.25.0"
source = "registry+https://github.com/rust-lang/crates.io-index"
dependencies = [
 "bitflags 0.6.0 (registry+https://github.com/rust-lang/crates.io-index)",
 "lazy_static 0.2.1 (registry+https://github.com/rust-lang/crates.io-index)",
 "libc 0.2.17 (registry+https://github.com/rust-lang/crates.io-index)",
 "num 0.1.36 (registry+https://github.com/rust-lang/crates.io-index)",
 "rand 0.3.14 (registry+https://github.com/rust-lang/crates.io-index)",
 "sdl2-sys 0.25.0 (registry+https://github.com/rust-lang/crates.io-index)",
]

[[package]]
name = "sdl2-sys"
version = "0.25.0"
source = "registry+https://github.com/rust-lang/crates.io-index"
dependencies = [
 "libc 0.2.17 (registry+https://github.com/rust-lang/crates.io-index)",
]

[[package]]
name = "specs"
version = "0.7.0"
source = "registry+https://github.com/rust-lang/crates.io-index"
dependencies = [
 "atom 0.3.4 (registry+https://github.com/rust-lang/crates.io-index)",
 "fnv 1.0.5 (registry+https://github.com/rust-lang/crates.io-index)",
 "mopa 0.2.2 (registry+https://github.com/rust-lang/crates.io-index)",
 "pulse 0.5.3 (registry+https://github.com/rust-lang/crates.io-index)",
 "threadpool 1.3.2 (registry+https://github.com/rust-lang/crates.io-index)",
 "tuple_utils 0.2.0 (registry+https://github.com/rust-lang/crates.io-index)",
]

[[package]]
name = "strsim"
version = "0.5.1"
source = "registry+https://github.com/rust-lang/crates.io-index"

[[package]]
name = "term_size"
version = "0.2.1"
source = "registry+https://github.com/rust-lang/crates.io-index"
dependencies = [
 "kernel32-sys 0.2.2 (registry+https://github.com/rust-lang/crates.io-index)",
 "libc 0.2.17 (registry+https://github.com/rust-lang/crates.io-index)",
 "winapi 0.2.8 (registry+https://github.com/rust-lang/crates.io-index)",
]

[[package]]
name = "threadpool"
version = "1.3.2"
source = "registry+https://github.com/rust-lang/crates.io-index"

[[package]]
name = "time"
version = "0.1.35"
source = "registry+https://github.com/rust-lang/crates.io-index"
dependencies = [
 "kernel32-sys 0.2.2 (registry+https://github.com/rust-lang/crates.io-index)",
 "libc 0.2.17 (registry+https://github.com/rust-lang/crates.io-index)",
 "winapi 0.2.8 (registry+https://github.com/rust-lang/crates.io-index)",
]

[[package]]
name = "tuple_utils"
version = "0.2.0"
source = "registry+https://github.com/rust-lang/crates.io-index"

[[package]]
name = "unicode-segmentation"
version = "0.1.2"
source = "registry+https://github.com/rust-lang/crates.io-index"

[[package]]
name = "unicode-width"
version = "0.1.3"
source = "registry+https://github.com/rust-lang/crates.io-index"

[[package]]
name = "user32-sys"
version = "0.1.2"
source = "registry+https://github.com/rust-lang/crates.io-index"
dependencies = [
 "winapi 0.2.8 (registry+https://github.com/rust-lang/crates.io-index)",
 "winapi-build 0.1.1 (registry+https://github.com/rust-lang/crates.io-index)",
]

[[package]]
name = "vec_map"
version = "0.6.0"
source = "registry+https://github.com/rust-lang/crates.io-index"

[[package]]
name = "winapi"
version = "0.2.8"
source = "registry+https://github.com/rust-lang/crates.io-index"

[[package]]
name = "winapi-build"
version = "0.1.1"
source = "registry+https://github.com/rust-lang/crates.io-index"

[[package]]
name = "x11-dl"
version = "2.2.1"
source = "registry+https://github.com/rust-lang/crates.io-index"
dependencies = [
 "dylib 0.0.1 (registry+https://github.com/rust-lang/crates.io-index)",
 "libc 0.1.12 (registry+https://github.com/rust-lang/crates.io-index)",
]

[metadata]
"checksum ansi_term 0.9.0 (registry+https://github.com/rust-lang/crates.io-index)" = "23ac7c30002a5accbf7e8987d0632fa6de155b7c3d39d0067317a391e00a2ef6"
"checksum atom 0.3.4 (registry+https://github.com/rust-lang/crates.io-index)" = "4cd7b80cba09d9c6679f5ac66af2e5eb9c17fa1b914f142d690b069ba51eacaf"
"checksum backtrace 0.2.3 (registry+https://github.com/rust-lang/crates.io-index)" = "346d7644f0b5f9bc73082d3b2236b69a05fd35cce0cfa3724e184e6a5c9e2a2f"
"checksum backtrace-sys 0.1.4 (registry+https://github.com/rust-lang/crates.io-index)" = "ff73785ae8e06bb4a7b09e09f06d7434f9748b86d2f67bdf334b603354497e08"
"checksum bitflags 0.6.0 (registry+https://github.com/rust-lang/crates.io-index)" = "72cd7314bd4ee024071241147222c706e80385a1605ac7d4cd2fcc339da2ae46"
"checksum bitflags 0.7.0 (registry+https://github.com/rust-lang/crates.io-index)" = "aad18937a628ec6abcd26d1489012cc0e18c21798210f491af69ded9b881106d"
"checksum byteorder 0.5.3 (registry+https://github.com/rust-lang/crates.io-index)" = "0fc10e8cc6b2580fda3f36eb6dc5316657f812a3df879a44a66fc9f0fdbc4855"
"checksum cfg-if 0.1.0 (registry+https://github.com/rust-lang/crates.io-index)" = "de1e760d7b6535af4241fca8bd8adf68e2e7edacc6b29f5d399050c5e48cf88c"
"checksum clap 2.17.1 (registry+https://github.com/rust-lang/crates.io-index)" = "27dac76762fb56019b04aed3ccb43a770a18f80f9c2eb62ee1a18d9fb4ea2430"
"checksum dbghelp-sys 0.2.0 (registry+https://github.com/rust-lang/crates.io-index)" = "97590ba53bcb8ac28279161ca943a924d1fd4a8fb3fa63302591647c4fc5b850"
"checksum dylib 0.0.1 (registry+https://github.com/rust-lang/crates.io-index)" = "cdff070fc467d71f23c5ac5ebfa0867e8f31146ef529b777723e8cba815e47ae"
"checksum error-chain 0.5.0 (registry+https://github.com/rust-lang/crates.io-index)" = "bd5c82c815138e278b8dcdeffc49f27ea6ffb528403e9dea4194f2e3dd40b143"
"checksum flate2 0.2.14 (registry+https://github.com/rust-lang/crates.io-index)" = "3eeb481e957304178d2e782f2da1257f1434dfecbae883bafb61ada2a9fea3bb"
"checksum fnv 1.0.5 (registry+https://github.com/rust-lang/crates.io-index)" = "6cc484842f1e2884faf56f529f960cc12ad8c71ce96cc7abba0a067c98fee344"
"checksum gcc 0.3.38 (registry+https://github.com/rust-lang/crates.io-index)" = "553f11439bdefe755bf366b264820f1da70f3aaf3924e594b886beb9c831bcf5"
"checksum gdi32-sys 0.1.1 (registry+https://github.com/rust-lang/crates.io-index)" = "65256ec4dc2592e6f05bfc1ca3b956a4e0698aa90b1dff1f5687d55a5a3fd59a"
"checksum kernel32-sys 0.1.4 (registry+https://github.com/rust-lang/crates.io-index)" = "e014dab1082fd9d80ea1fa6fcb261b47ed3eb511612a14198bb507701add083e"
"checksum kernel32-sys 0.2.2 (registry+https://github.com/rust-lang/crates.io-index)" = "7507624b29483431c0ba2d82aece8ca6cdba9382bff4ddd0f7490560c056098d"
"checksum lazy_static 0.2.1 (registry+https://github.com/rust-lang/crates.io-index)" = "49247ec2a285bb3dcb23cbd9c35193c025e7251bfce77c1d5da97e6362dffe7f"
"checksum libc 0.1.12 (registry+https://github.com/rust-lang/crates.io-index)" = "e32a70cf75e5846d53a673923498228bbec6a8624708a9ea5645f075d6276122"
"checksum libc 0.2.17 (registry+https://github.com/rust-lang/crates.io-index)" = "044d1360593a78f5c8e5e710beccdc24ab71d1f01bc19a29bcacdba22e8475d8"
"checksum minifb 0.9.0 (registry+https://github.com/rust-lang/crates.io-index)" = "655751f4dd1c34d804a9953c107bc11d8e803f6210fb21ae7c90baba0a3de354"
"checksum miniz-sys 0.1.7 (registry+https://github.com/rust-lang/crates.io-index)" = "9d1f4d337a01c32e1f2122510fed46393d53ca35a7f429cb0450abaedfa3ed54"
"checksum mopa 0.2.2 (registry+https://github.com/rust-lang/crates.io-index)" = "a785740271256c230f57462d3b83e52f998433a7062fc18f96d5999474a9f915"
"checksum nalgebra 0.10.1 (registry+https://github.com/rust-lang/crates.io-index)" = "f754f64bd1a5f5899285c2e182df7ddebcecf466369663be2277ca01b6da5d5d"
"checksum num 0.1.36 (registry+https://github.com/rust-lang/crates.io-index)" = "bde7c03b09e7c6a301ee81f6ddf66d7a28ec305699e3d3b056d2fc56470e3120"
"checksum num-bigint 0.1.35 (registry+https://github.com/rust-lang/crates.io-index)" = "88b14378471f7c2adc5262f05b4701ef53e8da376453a8d8fee48e51db745e49"
"checksum num-complex 0.1.35 (registry+https://github.com/rust-lang/crates.io-index)" = "f0c78e054dd19c3fd03419ade63fa661e9c49bb890ce3beb4eee5b7baf93f92f"
"checksum num-integer 0.1.32 (registry+https://github.com/rust-lang/crates.io-index)" = "fb24d9bfb3f222010df27995441ded1e954f8f69cd35021f6bef02ca9552fb92"
"checksum num-iter 0.1.32 (registry+https://github.com/rust-lang/crates.io-index)" = "287a1c9969a847055e1122ec0ea7a5c5d6f72aad97934e131c83d5c08ab4e45c"
"checksum num-rational 0.1.35 (registry+https://github.com/rust-lang/crates.io-index)" = "54ff603b8334a72fbb27fe66948aac0abaaa40231b3cecd189e76162f6f38aaf"
"checksum num-traits 0.1.36 (registry+https://github.com/rust-lang/crates.io-index)" = "a16a42856a256b39c6d3484f097f6713e14feacd9bfb02290917904fae46c81c"
"checksum pulse 0.5.3 (registry+https://github.com/rust-lang/crates.io-index)" = "655612b6c8d96a8a02f331fe296cb4f925b68e87c1d195544675abca2d9b9af0"
"checksum rand 0.3.14 (registry+https://github.com/rust-lang/crates.io-index)" = "2791d88c6defac799c3f20d74f094ca33b9332612d9aef9078519c82e4fe04a5"
"checksum rustc-demangle 0.1.2 (registry+https://github.com/rust-lang/crates.io-index)" = "662b2795f21ff17df7c4c50c1d955c8b5fa9eaddd1cf1bb32f8de2372ffd989b"
"checksum rustc-serialize 0.3.19 (registry+https://github.com/rust-lang/crates.io-index)" = "6159e4e6e559c81bd706afe9c8fd68f547d3e851ce12e76b1de7914bab61691b"
"checksum sdl2 0.25.0 (registry+https://github.com/rust-lang/crates.io-index)" = "2e15a33054d1b982ca8eec453666757046af6f95e7dd09e2747d67ab0aeca1bd"
"checksum sdl2-sys 0.25.0 (registry+https://github.com/rust-lang/crates.io-index)" = "79698e1a87967badc92c3d559f5a73157a05a644f85cdada02de91d4639edc00"
"checksum specs 0.7.0 (registry+https://github.com/rust-lang/crates.io-index)" = "0f7c8568d52ffdf8f125a597853dad823bb8463dd959a0fcf9c3472d896de906"
"checksum strsim 0.5.1 (registry+https://github.com/rust-lang/crates.io-index)" = "50c069df92e4b01425a8bf3576d5d417943a6a7272fbabaf5bd80b1aaa76442e"
"checksum term_size 0.2.1 (registry+https://github.com/rust-lang/crates.io-index)" = "3f7f5f3f71b0040cecc71af239414c23fd3c73570f5ff54cf50e03cef637f2a0"
"checksum threadpool 1.3.2 (registry+https://github.com/rust-lang/crates.io-index)" = "59f6d3eff89920113dac9db44dde461d71d01e88a5b57b258a0466c32b5d7fe1"
"checksum time 0.1.35 (registry+https://github.com/rust-lang/crates.io-index)" = "3c7ec6d62a20df54e07ab3b78b9a3932972f4b7981de295563686849eb3989af"
"checksum tuple_utils 0.2.0 (registry+https://github.com/rust-lang/crates.io-index)" = "cbfecd7bb8f0a3e96b3b31c46af2677a55a588767c0091f484601424fcb20e7e"
"checksum unicode-segmentation 0.1.2 (registry+https://github.com/rust-lang/crates.io-index)" = "b905d0fc2a1f0befd86b0e72e31d1787944efef9d38b9358a9e92a69757f7e3b"
"checksum unicode-width 0.1.3 (registry+https://github.com/rust-lang/crates.io-index)" = "2d6722facc10989f63ee0e20a83cd4e1714a9ae11529403ac7e0afd069abc39e"
"checksum user32-sys 0.1.2 (registry+https://github.com/rust-lang/crates.io-index)" = "6717129de5ac253f5642fc78a51d0c7de6f9f53d617fc94e9bae7f6e71cf5504"
"checksum vec_map 0.6.0 (registry+https://github.com/rust-lang/crates.io-index)" = "cac5efe5cb0fa14ec2f84f83c701c562ee63f6dcc680861b21d65c682adfb05f"
"checksum winapi 0.2.8 (registry+https://github.com/rust-lang/crates.io-index)" = "167dc9d6949a9b857f3451275e911c3f44255842c1f7a76f33c55103a909087a"
"checksum winapi-build 0.1.1 (registry+https://github.com/rust-lang/crates.io-index)" = "2d315eee3b34aca4797b2da6b13ed88266e6d612562a0c46390af8299fc699bc"
"checksum x11-dl 2.2.1 (registry+https://github.com/rust-lang/crates.io-index)" = "349db8b7b8be6031ac00cb49ac8b8389e5e1b1743300d2873223be80d35fd216"
