[root]
name = "open_aoe"
version = "0.1.0"
dependencies = [
 "clap 2.10.0 (registry+https://github.com/rust-lang/crates.io-index)",
 "lazy_static 0.2.1 (registry+https://github.com/rust-lang/crates.io-index)",
 "nalgebra 0.8.2 (registry+https://github.com/rust-lang/crates.io-index)",
 "num 0.1.34 (registry+https://github.com/rust-lang/crates.io-index)",
 "open_aoe_dat 0.1.0",
 "open_aoe_drs 0.1.0",
 "open_aoe_identifier 0.1.0",
 "open_aoe_language 0.1.0",
 "open_aoe_media 0.1.0",
 "open_aoe_palette 0.1.0",
 "open_aoe_resource 0.1.0",
 "open_aoe_scn 0.1.0",
 "open_aoe_slp 0.1.0",
 "open_aoe_types 0.1.0",
 "specs 0.7.0 (registry+https://github.com/rust-lang/crates.io-index)",
 "time 0.1.35 (registry+https://github.com/rust-lang/crates.io-index)",
]

[[package]]
name = "ansi_term"
version = "0.8.0"
source = "registry+https://github.com/rust-lang/crates.io-index"

[[package]]
name = "atom"
version = "0.3.4"
source = "registry+https://github.com/rust-lang/crates.io-index"

[[package]]
name = "backtrace"
version = "0.2.3"
source = "registry+https://github.com/rust-lang/crates.io-index"
dependencies = [
 "backtrace-sys 0.1.4 (registry+https://github.com/rust-lang/crates.io-index)",
 "cfg-if 0.1.0 (registry+https://github.com/rust-lang/crates.io-index)",
 "dbghelp-sys 0.2.0 (registry+https://github.com/rust-lang/crates.io-index)",
 "kernel32-sys 0.2.2 (registry+https://github.com/rust-lang/crates.io-index)",
 "libc 0.2.15 (registry+https://github.com/rust-lang/crates.io-index)",
 "rustc-demangle 0.1.1 (registry+https://github.com/rust-lang/crates.io-index)",
 "winapi 0.2.8 (registry+https://github.com/rust-lang/crates.io-index)",
]

[[package]]
name = "backtrace-sys"
version = "0.1.4"
source = "registry+https://github.com/rust-lang/crates.io-index"
dependencies = [
 "gcc 0.3.32 (registry+https://github.com/rust-lang/crates.io-index)",
 "libc 0.2.15 (registry+https://github.com/rust-lang/crates.io-index)",
]

[[package]]
name = "bitflags"
version = "0.6.0"
source = "registry+https://github.com/rust-lang/crates.io-index"

[[package]]
name = "bitflags"
version = "0.7.0"
source = "registry+https://github.com/rust-lang/crates.io-index"

[[package]]
name = "byteorder"
version = "0.5.3"
source = "registry+https://github.com/rust-lang/crates.io-index"

[[package]]
name = "cfg-if"
version = "0.1.0"
source = "registry+https://github.com/rust-lang/crates.io-index"

[[package]]
name = "clap"
version = "2.10.0"
source = "registry+https://github.com/rust-lang/crates.io-index"
dependencies = [
 "ansi_term 0.8.0 (registry+https://github.com/rust-lang/crates.io-index)",
 "bitflags 0.7.0 (registry+https://github.com/rust-lang/crates.io-index)",
 "libc 0.2.15 (registry+https://github.com/rust-lang/crates.io-index)",
 "strsim 0.4.1 (registry+https://github.com/rust-lang/crates.io-index)",
 "term_size 0.1.0 (registry+https://github.com/rust-lang/crates.io-index)",
 "unicode-width 0.1.3 (registry+https://github.com/rust-lang/crates.io-index)",
 "vec_map 0.6.0 (registry+https://github.com/rust-lang/crates.io-index)",
]

[[package]]
name = "dbghelp-sys"
version = "0.2.0"
source = "registry+https://github.com/rust-lang/crates.io-index"
dependencies = [
 "winapi 0.2.8 (registry+https://github.com/rust-lang/crates.io-index)",
 "winapi-build 0.1.1 (registry+https://github.com/rust-lang/crates.io-index)",
]

[[package]]
name = "error-chain"
version = "0.5.0"
source = "registry+https://github.com/rust-lang/crates.io-index"
dependencies = [
 "backtrace 0.2.3 (registry+https://github.com/rust-lang/crates.io-index)",
]

[[package]]
name = "flate2"
version = "0.2.14"
source = "registry+https://github.com/rust-lang/crates.io-index"
dependencies = [
 "libc 0.2.15 (registry+https://github.com/rust-lang/crates.io-index)",
 "miniz-sys 0.1.7 (registry+https://github.com/rust-lang/crates.io-index)",
]

[[package]]
name = "fnv"
version = "1.0.3"
source = "registry+https://github.com/rust-lang/crates.io-index"

[[package]]
name = "gcc"
version = "0.3.32"
source = "registry+https://github.com/rust-lang/crates.io-index"

[[package]]
name = "io_tools"
version = "0.1.0"
dependencies = [
 "byteorder 0.5.3 (registry+https://github.com/rust-lang/crates.io-index)",
 "flate2 0.2.14 (registry+https://github.com/rust-lang/crates.io-index)",
]

[[package]]
name = "kernel32-sys"
version = "0.2.2"
source = "registry+https://github.com/rust-lang/crates.io-index"
dependencies = [
 "winapi 0.2.8 (registry+https://github.com/rust-lang/crates.io-index)",
 "winapi-build 0.1.1 (registry+https://github.com/rust-lang/crates.io-index)",
]

[[package]]
name = "lazy_static"
version = "0.2.1"
source = "registry+https://github.com/rust-lang/crates.io-index"

[[package]]
name = "libc"
version = "0.2.15"
source = "registry+https://github.com/rust-lang/crates.io-index"

[[package]]
name = "miniz-sys"
version = "0.1.7"
source = "registry+https://github.com/rust-lang/crates.io-index"
dependencies = [
 "gcc 0.3.32 (registry+https://github.com/rust-lang/crates.io-index)",
 "libc 0.2.15 (registry+https://github.com/rust-lang/crates.io-index)",
]

[[package]]
name = "mopa"
version = "0.2.2"
source = "registry+https://github.com/rust-lang/crates.io-index"

[[package]]
name = "nalgebra"
version = "0.8.2"
source = "registry+https://github.com/rust-lang/crates.io-index"
dependencies = [
 "num 0.1.34 (registry+https://github.com/rust-lang/crates.io-index)",
 "rand 0.3.14 (registry+https://github.com/rust-lang/crates.io-index)",
 "rustc-serialize 0.3.19 (registry+https://github.com/rust-lang/crates.io-index)",
]

[[package]]
name = "num"
version = "0.1.34"
source = "registry+https://github.com/rust-lang/crates.io-index"
dependencies = [
 "num-bigint 0.1.33 (registry+https://github.com/rust-lang/crates.io-index)",
 "num-complex 0.1.33 (registry+https://github.com/rust-lang/crates.io-index)",
 "num-integer 0.1.32 (registry+https://github.com/rust-lang/crates.io-index)",
 "num-iter 0.1.32 (registry+https://github.com/rust-lang/crates.io-index)",
 "num-rational 0.1.32 (registry+https://github.com/rust-lang/crates.io-index)",
 "num-traits 0.1.34 (registry+https://github.com/rust-lang/crates.io-index)",
]

[[package]]
name = "num-bigint"
version = "0.1.33"
source = "registry+https://github.com/rust-lang/crates.io-index"
dependencies = [
 "num-integer 0.1.32 (registry+https://github.com/rust-lang/crates.io-index)",
 "num-traits 0.1.34 (registry+https://github.com/rust-lang/crates.io-index)",
 "rand 0.3.14 (registry+https://github.com/rust-lang/crates.io-index)",
 "rustc-serialize 0.3.19 (registry+https://github.com/rust-lang/crates.io-index)",
]

[[package]]
name = "num-complex"
version = "0.1.33"
source = "registry+https://github.com/rust-lang/crates.io-index"
dependencies = [
 "num-traits 0.1.34 (registry+https://github.com/rust-lang/crates.io-index)",
 "rustc-serialize 0.3.19 (registry+https://github.com/rust-lang/crates.io-index)",
]

[[package]]
name = "num-integer"
version = "0.1.32"
source = "registry+https://github.com/rust-lang/crates.io-index"
dependencies = [
 "num-traits 0.1.34 (registry+https://github.com/rust-lang/crates.io-index)",
]

[[package]]
name = "num-iter"
version = "0.1.32"
source = "registry+https://github.com/rust-lang/crates.io-index"
dependencies = [
 "num-integer 0.1.32 (registry+https://github.com/rust-lang/crates.io-index)",
 "num-traits 0.1.34 (registry+https://github.com/rust-lang/crates.io-index)",
]

[[package]]
name = "num-rational"
version = "0.1.32"
source = "registry+https://github.com/rust-lang/crates.io-index"
dependencies = [
 "num-bigint 0.1.33 (registry+https://github.com/rust-lang/crates.io-index)",
 "num-integer 0.1.32 (registry+https://github.com/rust-lang/crates.io-index)",
 "num-traits 0.1.34 (registry+https://github.com/rust-lang/crates.io-index)",
 "rustc-serialize 0.3.19 (registry+https://github.com/rust-lang/crates.io-index)",
]

[[package]]
name = "num-traits"
version = "0.1.34"
source = "registry+https://github.com/rust-lang/crates.io-index"

[[package]]
name = "open_aoe_dat"
version = "0.1.0"
dependencies = [
 "error-chain 0.5.0 (registry+https://github.com/rust-lang/crates.io-index)",
 "io_tools 0.1.0",
 "open_aoe_identifier 0.1.0",
]

[[package]]
name = "open_aoe_drs"
version = "0.1.0"
dependencies = [
 "error-chain 0.5.0 (registry+https://github.com/rust-lang/crates.io-index)",
 "io_tools 0.1.0",
]

[[package]]
name = "open_aoe_identifier"
version = "0.1.0"

[[package]]
name = "open_aoe_language"
version = "0.1.0"
dependencies = [
 "error-chain 0.5.0 (registry+https://github.com/rust-lang/crates.io-index)",
 "io_tools 0.1.0",
]

[[package]]
name = "open_aoe_media"
version = "0.1.0"
dependencies = [
 "error-chain 0.5.0 (registry+https://github.com/rust-lang/crates.io-index)",
 "nalgebra 0.8.2 (registry+https://github.com/rust-lang/crates.io-index)",
 "open_aoe_types 0.1.0",
 "sdl2 0.22.0 (registry+https://github.com/rust-lang/crates.io-index)",
]

[[package]]
name = "open_aoe_palette"
version = "0.1.0"
dependencies = [
 "error-chain 0.5.0 (registry+https://github.com/rust-lang/crates.io-index)",
]

[[package]]
name = "open_aoe_resource"
version = "0.1.0"
dependencies = [
 "error-chain 0.5.0 (registry+https://github.com/rust-lang/crates.io-index)",
 "nalgebra 0.8.2 (registry+https://github.com/rust-lang/crates.io-index)",
 "open_aoe_drs 0.1.0",
 "open_aoe_identifier 0.1.0",
 "open_aoe_media 0.1.0",
 "open_aoe_palette 0.1.0",
 "open_aoe_slp 0.1.0",
 "open_aoe_types 0.1.0",
]

[[package]]
name = "open_aoe_scn"
version = "0.1.0"
dependencies = [
 "error-chain 0.5.0 (registry+https://github.com/rust-lang/crates.io-index)",
 "io_tools 0.1.0",
 "open_aoe_identifier 0.1.0",
]

[[package]]
name = "open_aoe_slp"
version = "0.1.0"
dependencies = [
 "error-chain 0.5.0 (registry+https://github.com/rust-lang/crates.io-index)",
 "io_tools 0.1.0",
]

[[package]]
name = "open_aoe_types"
version = "0.1.0"
dependencies = [
 "nalgebra 0.8.2 (registry+https://github.com/rust-lang/crates.io-index)",
 "num 0.1.34 (registry+https://github.com/rust-lang/crates.io-index)",
 "sdl2 0.22.0 (registry+https://github.com/rust-lang/crates.io-index)",
]

[[package]]
name = "pulse"
version = "0.5.3"
source = "registry+https://github.com/rust-lang/crates.io-index"
dependencies = [
 "atom 0.3.4 (registry+https://github.com/rust-lang/crates.io-index)",
 "time 0.1.35 (registry+https://github.com/rust-lang/crates.io-index)",
]

[[package]]
name = "rand"
version = "0.3.14"
source = "registry+https://github.com/rust-lang/crates.io-index"
dependencies = [
 "libc 0.2.15 (registry+https://github.com/rust-lang/crates.io-index)",
]

[[package]]
name = "rustc-demangle"
version = "0.1.1"
source = "registry+https://github.com/rust-lang/crates.io-index"

[[package]]
name = "rustc-serialize"
version = "0.3.19"
source = "registry+https://github.com/rust-lang/crates.io-index"

[[package]]
name = "sdl2"
version = "0.22.0"
source = "registry+https://github.com/rust-lang/crates.io-index"
dependencies = [
 "bitflags 0.6.0 (registry+https://github.com/rust-lang/crates.io-index)",
 "lazy_static 0.2.1 (registry+https://github.com/rust-lang/crates.io-index)",
 "libc 0.2.15 (registry+https://github.com/rust-lang/crates.io-index)",
 "num 0.1.34 (registry+https://github.com/rust-lang/crates.io-index)",
 "rand 0.3.14 (registry+https://github.com/rust-lang/crates.io-index)",
 "sdl2-sys 0.22.0 (registry+https://github.com/rust-lang/crates.io-index)",
]

[[package]]
name = "sdl2-sys"
version = "0.22.0"
source = "registry+https://github.com/rust-lang/crates.io-index"
dependencies = [
 "libc 0.2.15 (registry+https://github.com/rust-lang/crates.io-index)",
]

[[package]]
name = "specs"
version = "0.7.0"
source = "registry+https://github.com/rust-lang/crates.io-index"
dependencies = [
 "atom 0.3.4 (registry+https://github.com/rust-lang/crates.io-index)",
 "fnv 1.0.3 (registry+https://github.com/rust-lang/crates.io-index)",
 "mopa 0.2.2 (registry+https://github.com/rust-lang/crates.io-index)",
 "pulse 0.5.3 (registry+https://github.com/rust-lang/crates.io-index)",
 "threadpool 1.3.1 (registry+https://github.com/rust-lang/crates.io-index)",
 "tuple_utils 0.2.0 (registry+https://github.com/rust-lang/crates.io-index)",
]

[[package]]
name = "strsim"
version = "0.4.1"
source = "registry+https://github.com/rust-lang/crates.io-index"

[[package]]
name = "term_size"
version = "0.1.0"
source = "registry+https://github.com/rust-lang/crates.io-index"
dependencies = [
 "libc 0.2.15 (registry+https://github.com/rust-lang/crates.io-index)",
]

[[package]]
name = "threadpool"
version = "1.3.1"
source = "registry+https://github.com/rust-lang/crates.io-index"

[[package]]
name = "time"
version = "0.1.35"
source = "registry+https://github.com/rust-lang/crates.io-index"
dependencies = [
 "kernel32-sys 0.2.2 (registry+https://github.com/rust-lang/crates.io-index)",
 "libc 0.2.15 (registry+https://github.com/rust-lang/crates.io-index)",
 "winapi 0.2.8 (registry+https://github.com/rust-lang/crates.io-index)",
]

[[package]]
name = "tuple_utils"
version = "0.2.0"
source = "registry+https://github.com/rust-lang/crates.io-index"

[[package]]
name = "unicode-width"
version = "0.1.3"
source = "registry+https://github.com/rust-lang/crates.io-index"

[[package]]
name = "vec_map"
version = "0.6.0"
source = "registry+https://github.com/rust-lang/crates.io-index"

[[package]]
name = "winapi"
version = "0.2.8"
source = "registry+https://github.com/rust-lang/crates.io-index"

[[package]]
name = "winapi-build"
version = "0.1.1"
source = "registry+https://github.com/rust-lang/crates.io-index"

[metadata]
"checksum ansi_term 0.8.0 (registry+https://github.com/rust-lang/crates.io-index)" = "c877397e09fec7a240af5fa74ad0124054b8066149d6544cd1ace93f8de3be68"
"checksum atom 0.3.4 (registry+https://github.com/rust-lang/crates.io-index)" = "4cd7b80cba09d9c6679f5ac66af2e5eb9c17fa1b914f142d690b069ba51eacaf"
"checksum backtrace 0.2.3 (registry+https://github.com/rust-lang/crates.io-index)" = "346d7644f0b5f9bc73082d3b2236b69a05fd35cce0cfa3724e184e6a5c9e2a2f"
"checksum backtrace-sys 0.1.4 (registry+https://github.com/rust-lang/crates.io-index)" = "ff73785ae8e06bb4a7b09e09f06d7434f9748b86d2f67bdf334b603354497e08"
"checksum bitflags 0.6.0 (registry+https://github.com/rust-lang/crates.io-index)" = "72cd7314bd4ee024071241147222c706e80385a1605ac7d4cd2fcc339da2ae46"
"checksum bitflags 0.7.0 (registry+https://github.com/rust-lang/crates.io-index)" = "aad18937a628ec6abcd26d1489012cc0e18c21798210f491af69ded9b881106d"
"checksum byteorder 0.5.3 (registry+https://github.com/rust-lang/crates.io-index)" = "0fc10e8cc6b2580fda3f36eb6dc5316657f812a3df879a44a66fc9f0fdbc4855"
"checksum cfg-if 0.1.0 (registry+https://github.com/rust-lang/crates.io-index)" = "de1e760d7b6535af4241fca8bd8adf68e2e7edacc6b29f5d399050c5e48cf88c"
"checksum clap 2.10.0 (registry+https://github.com/rust-lang/crates.io-index)" = "6adb6a046b8155874daf331e6cb6f4a3edf3ea3cbc625809eb4077a384124761"
"checksum dbghelp-sys 0.2.0 (registry+https://github.com/rust-lang/crates.io-index)" = "97590ba53bcb8ac28279161ca943a924d1fd4a8fb3fa63302591647c4fc5b850"
"checksum error-chain 0.5.0 (registry+https://github.com/rust-lang/crates.io-index)" = "bd5c82c815138e278b8dcdeffc49f27ea6ffb528403e9dea4194f2e3dd40b143"
"checksum flate2 0.2.14 (registry+https://github.com/rust-lang/crates.io-index)" = "3eeb481e957304178d2e782f2da1257f1434dfecbae883bafb61ada2a9fea3bb"
"checksum fnv 1.0.3 (registry+https://github.com/rust-lang/crates.io-index)" = "d3d4285d5aa1cf04504b7d8c2d1fdccf4586b56739499a04cc58663b2543cd30"
"checksum gcc 0.3.32 (registry+https://github.com/rust-lang/crates.io-index)" = "dcb000abd6df9df4c637f75190297ebe56c1d7e66b56bbf3b4aa7aece15f61a2"
"checksum kernel32-sys 0.2.2 (registry+https://github.com/rust-lang/crates.io-index)" = "7507624b29483431c0ba2d82aece8ca6cdba9382bff4ddd0f7490560c056098d"
"checksum lazy_static 0.2.1 (registry+https://github.com/rust-lang/crates.io-index)" = "49247ec2a285bb3dcb23cbd9c35193c025e7251bfce77c1d5da97e6362dffe7f"
"checksum libc 0.2.15 (registry+https://github.com/rust-lang/crates.io-index)" = "23e3757828fa702a20072c37ff47938e9dd331b92fac6e223d26d4b7a55f7ee2"
"checksum miniz-sys 0.1.7 (registry+https://github.com/rust-lang/crates.io-index)" = "9d1f4d337a01c32e1f2122510fed46393d53ca35a7f429cb0450abaedfa3ed54"
"checksum mopa 0.2.2 (registry+https://github.com/rust-lang/crates.io-index)" = "a785740271256c230f57462d3b83e52f998433a7062fc18f96d5999474a9f915"
"checksum nalgebra 0.8.2 (registry+https://github.com/rust-lang/crates.io-index)" = "8b5e68da68cda7f451505587de1b63cadb09188e53f38d8c2716a4a4a6d43eeb"
"checksum num 0.1.34 (registry+https://github.com/rust-lang/crates.io-index)" = "d2ee34a0338c16ae67afb55824aaf8852700eb0f77ccd977807ccb7606b295f6"
"checksum num-bigint 0.1.33 (registry+https://github.com/rust-lang/crates.io-index)" = "fbc450723a2fe91d332a29edd8660e099b937d29e1a3ebe914e0da3f77ac1ad3"
"checksum num-complex 0.1.33 (registry+https://github.com/rust-lang/crates.io-index)" = "8aabbc079e1855ce8415141fee0ebebf171f56505373b3a966e2716ad7c0e555"
"checksum num-integer 0.1.32 (registry+https://github.com/rust-lang/crates.io-index)" = "fb24d9bfb3f222010df27995441ded1e954f8f69cd35021f6bef02ca9552fb92"
"checksum num-iter 0.1.32 (registry+https://github.com/rust-lang/crates.io-index)" = "287a1c9969a847055e1122ec0ea7a5c5d6f72aad97934e131c83d5c08ab4e45c"
"checksum num-rational 0.1.32 (registry+https://github.com/rust-lang/crates.io-index)" = "48cdcc9ff4ae2a8296805ac15af88b3d88ce62128ded0cb74ffb63a587502a84"
"checksum num-traits 0.1.34 (registry+https://github.com/rust-lang/crates.io-index)" = "95e58eac34596aac30ab134c8a8da9aa2dc99caa4b4b4838e6fc6e298016278f"
"checksum pulse 0.5.3 (registry+https://github.com/rust-lang/crates.io-index)" = "655612b6c8d96a8a02f331fe296cb4f925b68e87c1d195544675abca2d9b9af0"
"checksum rand 0.3.14 (registry+https://github.com/rust-lang/crates.io-index)" = "2791d88c6defac799c3f20d74f094ca33b9332612d9aef9078519c82e4fe04a5"
"checksum rustc-demangle 0.1.1 (registry+https://github.com/rust-lang/crates.io-index)" = "c4c2d35b2ed94cec4fad26a36eee4d6eff394ce70a8ceea064b0b6ca42ea4cf0"
"checksum rustc-serialize 0.3.19 (registry+https://github.com/rust-lang/crates.io-index)" = "6159e4e6e559c81bd706afe9c8fd68f547d3e851ce12e76b1de7914bab61691b"
"checksum sdl2 0.22.0 (registry+https://github.com/rust-lang/crates.io-index)" = "0ded78a9f17fe752e8c7957655f69dc990a027ecda474552af0539196d69e3b6"
"checksum sdl2-sys 0.22.0 (registry+https://github.com/rust-lang/crates.io-index)" = "b476729f18f81086d1811c5cdfa08d0804d30c6690d29ddb9fd5c68bce55c554"
"checksum specs 0.7.0 (registry+https://github.com/rust-lang/crates.io-index)" = "0f7c8568d52ffdf8f125a597853dad823bb8463dd959a0fcf9c3472d896de906"
"checksum strsim 0.4.1 (registry+https://github.com/rust-lang/crates.io-index)" = "0d5f575d5ced6634a5c4cb842163dab907dc7e9148b28dc482d81b8855cbe985"
"checksum term_size 0.1.0 (registry+https://github.com/rust-lang/crates.io-index)" = "a6a7c9a4de31e5622ec38533988a9e965aab09b26ee8bd7b8b0f56d488c3784d"
"checksum threadpool 1.3.1 (registry+https://github.com/rust-lang/crates.io-index)" = "8385be4e60ad9d6897ae06edff63449e9f9b213e31bdc653825d2a8294bd9c74"
"checksum time 0.1.35 (registry+https://github.com/rust-lang/crates.io-index)" = "3c7ec6d62a20df54e07ab3b78b9a3932972f4b7981de295563686849eb3989af"
"checksum tuple_utils 0.2.0 (registry+https://github.com/rust-lang/crates.io-index)" = "cbfecd7bb8f0a3e96b3b31c46af2677a55a588767c0091f484601424fcb20e7e"
"checksum unicode-width 0.1.3 (registry+https://github.com/rust-lang/crates.io-index)" = "2d6722facc10989f63ee0e20a83cd4e1714a9ae11529403ac7e0afd069abc39e"
"checksum vec_map 0.6.0 (registry+https://github.com/rust-lang/crates.io-index)" = "cac5efe5cb0fa14ec2f84f83c701c562ee63f6dcc680861b21d65c682adfb05f"
"checksum winapi 0.2.8 (registry+https://github.com/rust-lang/crates.io-index)" = "167dc9d6949a9b857f3451275e911c3f44255842c1f7a76f33c55103a909087a"
"checksum winapi-build 0.1.1 (registry+https://github.com/rust-lang/crates.io-index)" = "2d315eee3b34aca4797b2da6b13ed88266e6d612562a0c46390af8299fc699bc"
